{
  "name": "@ngx-easy/virtual-scroll",
  "version": "0.0.16",
  "lockfileVersion": 1,
  "requires": true,
  "dependencies": {
    "ngx-device-detector": {
      "version": "1.3.4",
      "resolved": "https://registry.npmjs.org/ngx-device-detector/-/ngx-device-detector-1.3.4.tgz",
      "integrity": "sha512-bvdzdijv4X8Rw0NafXcD9LvKdvVYussv1Bo/PjGcjql6NQtUyuGORZyNH9Ni+a3LlRzMxmz6PYhnzQce2B12xQ=="
    }
  }
}
